
Microsoft Visual Studio Solution File, Format Version 12.00
# Visual Studio Version 16
VisualStudioVersion = 16.0.30523.141
MinimumVisualStudioVersion = 10.0.40219.1
Project("{8BC9CEB8-8B4A-11D0-8D11-00A0C91BC942}") = "Task", "Task\Task.vcxproj", "{8029920C-867A-42CA-B9D7-5E1D9FB0CFAB}"
EndProject
Project("{8BC9CEB8-8B4A-11D0-8D11-00A0C91BC942}") = "Task2", "Task2\Task2.vcxproj", "{71BBB137-01F2-4373-A2ED-0551912E022D}"
EndProject
Global
	GlobalSection(SolutionConfigurationPlatforms) = preSolution
		Debug|x64 = Debug|x64
		Debug|x86 = Debug|x86
		Release|x64 = Release|x64
		Release|x86 = Release|x86
	EndGlobalSection
	GlobalSection(ProjectConfigurationPlatforms) = postSolution
		{8029920C-867A-42CA-B9D7-5E1D9FB0CFAB}.Debug|x64.ActiveCfg = Debug|x64
		{8029920C-867A-42CA-B9D7-5E1D9FB0CFAB}.Debug|x64.Build.0 = Debug|x64
		{8029920C-867A-42CA-B9D7-5E1D9FB0CFAB}.Debug|x86.ActiveCfg = Debug|Win32
		{8029920C-867A-42CA-B9D7-5E1D9FB0CFAB}.Debug|x86.Build.0 = Debug|Win32
		{8029920C-867A-42CA-B9D7-5E1D9FB0CFAB}.Release|x64.ActiveCfg = Release|x64
		{8029920C-867A-42CA-B9D7-5E1D9FB0CFAB}.Release|x64.Build.0 = Release|x64
		{8029920C-867A-42CA-B9D7-5E1D9FB0CFAB}.Release|x86.ActiveCfg = Release|Win32
		{8029920C-867A-42CA-B9D7-5E1D9FB0CFAB}.Release|x86.Build.0 = Release|Win32
		{71BBB137-01F2-4373-A2ED-0551912E022D}.Debug|x64.ActiveCfg = Debug|x64
		{71BBB137-01F2-4373-A2ED-0551912E022D}.Debug|x64.Build.0 = Debug|x64
		{71BBB137-01F2-4373-A2ED-0551912E022D}.Debug|x86.ActiveCfg = Debug|Win32
		{71BBB137-01F2-4373-A2ED-0551912E022D}.Debug|x86.Build.0 = Debug|Win32
		{71BBB137-01F2-4373-A2ED-0551912E022D}.Release|x64.ActiveCfg = Release|x64
		{71BBB137-01F2-4373-A2ED-0551912E022D}.Release|x64.Build.0 = Release|x64
		{71BBB137-01F2-4373-A2ED-0551912E022D}.Release|x86.ActiveCfg = Release|Win32
		{71BBB137-01F2-4373-A2ED-0551912E022D}.Release|x86.Build.0 = Release|Win32
	EndGlobalSection
	GlobalSection(SolutionProperties) = preSolution
		HideSolutionNode = FALSE
	EndGlobalSection
	GlobalSection(ExtensibilityGlobals) = postSolution
		SolutionGuid = {A0572DFE-1331-4619-A725-4002145A5DDA}
	EndGlobalSection
EndGlobal
