
Microsoft Visual Studio Solution File, Format Version 12.00
# Visual Studio Version 16
VisualStudioVersion = 16.0.30611.23
MinimumVisualStudioVersion = 10.0.40219.1
Project("{8BC9CEB8-8B4A-11D0-8D11-00A0C91BC942}") = "Task1", "Task1\Task1.vcxproj", "{BB881477-E9FD-44A5-9E6E-9F2A1C558CDB}"
EndProject
Project("{8BC9CEB8-8B4A-11D0-8D11-00A0C91BC942}") = "Task2", "Task2\Task2.vcxproj", "{74F0172F-A8A1-4F04-B860-8CC78719872C}"
EndProject
Project("{8BC9CEB8-8B4A-11D0-8D11-00A0C91BC942}") = "SR1", "SR1\SR1.vcxproj", "{4E5D62BA-3C11-4424-82F4-2B4899EEBFF0}"
EndProject
Project("{8BC9CEB8-8B4A-11D0-8D11-00A0C91BC942}") = "SR2", "SR2\SR2.vcxproj", "{84DE818F-95B7-4380-8756-ACDC69D29F39}"
EndProject
Project("{8BC9CEB8-8B4A-11D0-8D11-00A0C91BC942}") = "SR3", "SR3\SR3.vcxproj", "{6A49531C-10E3-47F4-B99D-D8F8752181B5}"
EndProject
Project("{8BC9CEB8-8B4A-11D0-8D11-00A0C91BC942}") = "SR4", "SR4\SR4.vcxproj", "{C75823EC-9BC9-4558-A209-75483BE07D87}"
EndProject
Project("{8BC9CEB8-8B4A-11D0-8D11-00A0C91BC942}") = "SR5", "SR5\SR5.vcxproj", "{8EC430F5-ECB6-4526-BEE2-080B04C08F44}"
EndProject
Global
	GlobalSection(SolutionConfigurationPlatforms) = preSolution
		Debug|x64 = Debug|x64
		Debug|x86 = Debug|x86
		Release|x64 = Release|x64
		Release|x86 = Release|x86
	EndGlobalSection
	GlobalSection(ProjectConfigurationPlatforms) = postSolution
		{BB881477-E9FD-44A5-9E6E-9F2A1C558CDB}.Debug|x64.ActiveCfg = Debug|x64
		{BB881477-E9FD-44A5-9E6E-9F2A1C558CDB}.Debug|x64.Build.0 = Debug|x64
		{BB881477-E9FD-44A5-9E6E-9F2A1C558CDB}.Debug|x86.ActiveCfg = Debug|Win32
		{BB881477-E9FD-44A5-9E6E-9F2A1C558CDB}.Debug|x86.Build.0 = Debug|Win32
		{BB881477-E9FD-44A5-9E6E-9F2A1C558CDB}.Release|x64.ActiveCfg = Release|x64
		{BB881477-E9FD-44A5-9E6E-9F2A1C558CDB}.Release|x64.Build.0 = Release|x64
		{BB881477-E9FD-44A5-9E6E-9F2A1C558CDB}.Release|x86.ActiveCfg = Release|Win32
		{BB881477-E9FD-44A5-9E6E-9F2A1C558CDB}.Release|x86.Build.0 = Release|Win32
		{74F0172F-A8A1-4F04-B860-8CC78719872C}.Debug|x64.ActiveCfg = Debug|x64
		{74F0172F-A8A1-4F04-B860-8CC78719872C}.Debug|x64.Build.0 = Debug|x64
		{74F0172F-A8A1-4F04-B860-8CC78719872C}.Debug|x86.ActiveCfg = Debug|Win32
		{74F0172F-A8A1-4F04-B860-8CC78719872C}.Debug|x86.Build.0 = Debug|Win32
		{74F0172F-A8A1-4F04-B860-8CC78719872C}.Release|x64.ActiveCfg = Release|x64
		{74F0172F-A8A1-4F04-B860-8CC78719872C}.Release|x64.Build.0 = Release|x64
		{74F0172F-A8A1-4F04-B860-8CC78719872C}.Release|x86.ActiveCfg = Release|Win32
		{74F0172F-A8A1-4F04-B860-8CC78719872C}.Release|x86.Build.0 = Release|Win32
		{4E5D62BA-3C11-4424-82F4-2B4899EEBFF0}.Debug|x64.ActiveCfg = Debug|x64
		{4E5D62BA-3C11-4424-82F4-2B4899EEBFF0}.Debug|x64.Build.0 = Debug|x64
		{4E5D62BA-3C11-4424-82F4-2B4899EEBFF0}.Debug|x86.ActiveCfg = Debug|Win32
		{4E5D62BA-3C11-4424-82F4-2B4899EEBFF0}.Debug|x86.Build.0 = Debug|Win32
		{4E5D62BA-3C11-4424-82F4-2B4899EEBFF0}.Release|x64.ActiveCfg = Release|x64
		{4E5D62BA-3C11-4424-82F4-2B4899EEBFF0}.Release|x64.Build.0 = Release|x64
		{4E5D62BA-3C11-4424-82F4-2B4899EEBFF0}.Release|x86.ActiveCfg = Release|Win32
		{4E5D62BA-3C11-4424-82F4-2B4899EEBFF0}.Release|x86.Build.0 = Release|Win32
		{84DE818F-95B7-4380-8756-ACDC69D29F39}.Debug|x64.ActiveCfg = Debug|x64
		{84DE818F-95B7-4380-8756-ACDC69D29F39}.Debug|x64.Build.0 = Debug|x64
		{84DE818F-95B7-4380-8756-ACDC69D29F39}.Debug|x86.ActiveCfg = Debug|Win32
		{84DE818F-95B7-4380-8756-ACDC69D29F39}.Debug|x86.Build.0 = Debug|Win32
		{84DE818F-95B7-4380-8756-ACDC69D29F39}.Release|x64.ActiveCfg = Release|x64
		{84DE818F-95B7-4380-8756-ACDC69D29F39}.Release|x64.Build.0 = Release|x64
		{84DE818F-95B7-4380-8756-ACDC69D29F39}.Release|x86.ActiveCfg = Release|Win32
		{84DE818F-95B7-4380-8756-ACDC69D29F39}.Release|x86.Build.0 = Release|Win32
		{6A49531C-10E3-47F4-B99D-D8F8752181B5}.Debug|x64.ActiveCfg = Debug|x64
		{6A49531C-10E3-47F4-B99D-D8F8752181B5}.Debug|x64.Build.0 = Debug|x64
		{6A49531C-10E3-47F4-B99D-D8F8752181B5}.Debug|x86.ActiveCfg = Debug|Win32
		{6A49531C-10E3-47F4-B99D-D8F8752181B5}.Debug|x86.Build.0 = Debug|Win32
		{6A49531C-10E3-47F4-B99D-D8F8752181B5}.Release|x64.ActiveCfg = Release|x64
		{6A49531C-10E3-47F4-B99D-D8F8752181B5}.Release|x64.Build.0 = Release|x64
		{6A49531C-10E3-47F4-B99D-D8F8752181B5}.Release|x86.ActiveCfg = Release|Win32
		{6A49531C-10E3-47F4-B99D-D8F8752181B5}.Release|x86.Build.0 = Release|Win32
		{C75823EC-9BC9-4558-A209-75483BE07D87}.Debug|x64.ActiveCfg = Debug|x64
		{C75823EC-9BC9-4558-A209-75483BE07D87}.Debug|x64.Build.0 = Debug|x64
		{C75823EC-9BC9-4558-A209-75483BE07D87}.Debug|x86.ActiveCfg = Debug|Win32
		{C75823EC-9BC9-4558-A209-75483BE07D87}.Debug|x86.Build.0 = Debug|Win32
		{C75823EC-9BC9-4558-A209-75483BE07D87}.Release|x64.ActiveCfg = Release|x64
		{C75823EC-9BC9-4558-A209-75483BE07D87}.Release|x64.Build.0 = Release|x64
		{C75823EC-9BC9-4558-A209-75483BE07D87}.Release|x86.ActiveCfg = Release|Win32
		{C75823EC-9BC9-4558-A209-75483BE07D87}.Release|x86.Build.0 = Release|Win32
		{8EC430F5-ECB6-4526-BEE2-080B04C08F44}.Debug|x64.ActiveCfg = Debug|x64
		{8EC430F5-ECB6-4526-BEE2-080B04C08F44}.Debug|x64.Build.0 = Debug|x64
		{8EC430F5-ECB6-4526-BEE2-080B04C08F44}.Debug|x86.ActiveCfg = Debug|Win32
		{8EC430F5-ECB6-4526-BEE2-080B04C08F44}.Debug|x86.Build.0 = Debug|Win32
		{8EC430F5-ECB6-4526-BEE2-080B04C08F44}.Release|x64.ActiveCfg = Release|x64
		{8EC430F5-ECB6-4526-BEE2-080B04C08F44}.Release|x64.Build.0 = Release|x64
		{8EC430F5-ECB6-4526-BEE2-080B04C08F44}.Release|x86.ActiveCfg = Release|Win32
		{8EC430F5-ECB6-4526-BEE2-080B04C08F44}.Release|x86.Build.0 = Release|Win32
	EndGlobalSection
	GlobalSection(SolutionProperties) = preSolution
		HideSolutionNode = FALSE
	EndGlobalSection
	GlobalSection(ExtensibilityGlobals) = postSolution
		SolutionGuid = {3920BAF8-5534-457B-AA3B-A0AEC6BB85A2}
	EndGlobalSection
EndGlobal
